// !$*UTF8*$!
{
	archiveVersion = 1;
	classes = {
	};
	objectVersion = 46;
	objects = {

/* Begin PBXBuildFile section */
		05D6923619DF3ED70027B2E8 /* ChatService.m in Sources */ = {isa = PBXBuildFile; fileRef = 05D6923519DF3ED70027B2E8 /* ChatService.m */; };
		05D6923B19DF42450027B2E8 /* User.m in Sources */ = {isa = PBXBuildFile; fileRef = 05D6923A19DF42450027B2E8 /* User.m */; };
		05D6923F19DF51430027B2E8 /* LocalStorage.m in Sources */ = {isa = PBXBuildFile; fileRef = 05D6923E19DF51430027B2E8 /* LocalStorage.m */; };
		05E9E66D19DCB75A00A1E80C /* main.m in Sources */ = {isa = PBXBuildFile; fileRef = 05E9E66C19DCB75A00A1E80C /* main.m */; };
		05E9E67019DCB75A00A1E80C /* AppDelegate.m in Sources */ = {isa = PBXBuildFile; fileRef = 05E9E66F19DCB75A00A1E80C /* AppDelegate.m */; };
		05E9E67319DCB75A00A1E80C /* ViewController.m in Sources */ = {isa = PBXBuildFile; fileRef = 05E9E67219DCB75A00A1E80C /* ViewController.m */; };
		05E9E67619DCB75A00A1E80C /* Main.storyboard in Resources */ = {isa = PBXBuildFile; fileRef = 05E9E67419DCB75A00A1E80C /* Main.storyboard */; };
		05E9E67819DCB75A00A1E80C /* Images.xcassets in Resources */ = {isa = PBXBuildFile; fileRef = 05E9E67719DCB75A00A1E80C /* Images.xcassets */; };
		05E9E67B19DCB75A00A1E80C /* LaunchScreen.xib in Resources */ = {isa = PBXBuildFile; fileRef = 05E9E67919DCB75A00A1E80C /* LaunchScreen.xib */; };
		05E9E68719DCB75B00A1E80C /* ChatTests.m in Sources */ = {isa = PBXBuildFile; fileRef = 05E9E68619DCB75B00A1E80C /* ChatTests.m */; };
		05E9E69219DCB81900A1E80C /* Quickblox.framework in Frameworks */ = {isa = PBXBuildFile; fileRef = 05E9E69119DCB81900A1E80C /* Quickblox.framework */; };
		05E9E69519DCBBCC00A1E80C /* libxml2.dylib in Frameworks */ = {isa = PBXBuildFile; fileRef = 05E9E69319DCBB8200A1E80C /* libxml2.dylib */; };
		05E9E69719DCBBF700A1E80C /* CFNetwork.framework in Frameworks */ = {isa = PBXBuildFile; fileRef = 05E9E69619DCBBF700A1E80C /* CFNetwork.framework */; };
		05E9E69919DCBC1800A1E80C /* SystemConfiguration.framework in Frameworks */ = {isa = PBXBuildFile; fileRef = 05E9E69819DCBC1800A1E80C /* SystemConfiguration.framework */; };
		05E9E69B19DCBC2300A1E80C /* MobileCoreServices.framework in Frameworks */ = {isa = PBXBuildFile; fileRef = 05E9E69A19DCBC2300A1E80C /* MobileCoreServices.framework */; };
		05E9E69D19DCBC3200A1E80C /* CoreGraphics.framework in Frameworks */ = {isa = PBXBuildFile; fileRef = 05E9E69C19DCBC3200A1E80C /* CoreGraphics.framework */; };
		05E9E69F19DCBC3F00A1E80C /* CoreLocation.framework in Frameworks */ = {isa = PBXBuildFile; fileRef = 05E9E69E19DCBC3F00A1E80C /* CoreLocation.framework */; };
		05E9E6A119DCBC5A00A1E80C /* CoreData.framework in Frameworks */ = {isa = PBXBuildFile; fileRef = 05E9E6A019DCBC5A00A1E80C /* CoreData.framework */; };
		05E9E6A319DCBC6700A1E80C /* AudioToolbox.framework in Frameworks */ = {isa = PBXBuildFile; fileRef = 05E9E6A219DCBC6700A1E80C /* AudioToolbox.framework */; };
		05E9E6A519DCBC7600A1E80C /* CoreMedia.framework in Frameworks */ = {isa = PBXBuildFile; fileRef = 05E9E6A419DCBC7600A1E80C /* CoreMedia.framework */; };
		05E9E6A719DCBC8100A1E80C /* Accelerate.framework in Frameworks */ = {isa = PBXBuildFile; fileRef = 05E9E6A619DCBC8100A1E80C /* Accelerate.framework */; };
		05E9E6A919DCBC8B00A1E80C /* CoreVideo.framework in Frameworks */ = {isa = PBXBuildFile; fileRef = 05E9E6A819DCBC8B00A1E80C /* CoreVideo.framework */; };
		05E9E6AB19DCBC9500A1E80C /* AVFoundation.framework in Frameworks */ = {isa = PBXBuildFile; fileRef = 05E9E6AA19DCBC9500A1E80C /* AVFoundation.framework */; };
		05E9E6AD19DCBCA100A1E80C /* Security.framework in Frameworks */ = {isa = PBXBuildFile; fileRef = 05E9E6AC19DCBCA100A1E80C /* Security.framework */; };
		05E9E6AF19DCBCAB00A1E80C /* libz.dylib in Frameworks */ = {isa = PBXBuildFile; fileRef = 05E9E6AE19DCBCAB00A1E80C /* libz.dylib */; };
		05E9E6B119DCBCB900A1E80C /* libresolv.dylib in Frameworks */ = {isa = PBXBuildFile; fileRef = 05E9E6B019DCBCB900A1E80C /* libresolv.dylib */; };
		05E9E6B319DCBD8100A1E80C /* QuartzCore.framework in Frameworks */ = {isa = PBXBuildFile; fileRef = 05E9E6B219DCBD8100A1E80C /* QuartzCore.framework */; };
/* End PBXBuildFile section */

/* Begin PBXContainerItemProxy section */
		05E9E68119DCB75B00A1E80C /* PBXContainerItemProxy */ = {
			isa = PBXContainerItemProxy;
			containerPortal = 05E9E65F19DCB75A00A1E80C /* Project object */;
			proxyType = 1;
			remoteGlobalIDString = 05E9E66619DCB75A00A1E80C;
			remoteInfo = Chat;
		};
/* End PBXContainerItemProxy section */

/* Begin PBXFileReference section */
		05D6923419DF3ED70027B2E8 /* ChatService.h */ = {isa = PBXFileReference; fileEncoding = 4; lastKnownFileType = sourcecode.c.h; name = ChatService.h; path = ChatService/ChatService.h; sourceTree = "<group>"; };
		05D6923519DF3ED70027B2E8 /* ChatService.m */ = {isa = PBXFileReference; fileEncoding = 4; lastKnownFileType = sourcecode.c.objc; name = ChatService.m; path = ChatService/ChatService.m; sourceTree = "<group>"; };
		05D6923919DF42450027B2E8 /* User.h */ = {isa = PBXFileReference; fileEncoding = 4; lastKnownFileType = sourcecode.c.h; name = User.h; path = Models/User/User.h; sourceTree = "<group>"; };
		05D6923A19DF42450027B2E8 /* User.m */ = {isa = PBXFileReference; fileEncoding = 4; lastKnownFileType = sourcecode.c.objc; name = User.m; path = Models/User/User.m; sourceTree = "<group>"; };
		05D6923D19DF51430027B2E8 /* LocalStorage.h */ = {isa = PBXFileReference; fileEncoding = 4; lastKnownFileType = sourcecode.c.h; name = LocalStorage.h; path = LocalStorage/LocalStorage.h; sourceTree = "<group>"; };
		05D6923E19DF51430027B2E8 /* LocalStorage.m */ = {isa = PBXFileReference; fileEncoding = 4; lastKnownFileType = sourcecode.c.objc; name = LocalStorage.m; path = LocalStorage/LocalStorage.m; sourceTree = "<group>"; };
		05E9E66719DCB75A00A1E80C /* Chat.app */ = {isa = PBXFileReference; explicitFileType = wrapper.application; includeInIndex = 0; path = Chat.app; sourceTree = BUILT_PRODUCTS_DIR; };
		05E9E66B19DCB75A00A1E80C /* Info.plist */ = {isa = PBXFileReference; lastKnownFileType = text.plist.xml; path = Info.plist; sourceTree = "<group>"; };
		05E9E66C19DCB75A00A1E80C /* main.m */ = {isa = PBXFileReference; lastKnownFileType = sourcecode.c.objc; path = main.m; sourceTree = "<group>"; };
		05E9E66E19DCB75A00A1E80C /* AppDelegate.h */ = {isa = PBXFileReference; lastKnownFileType = sourcecode.c.h; path = AppDelegate.h; sourceTree = "<group>"; };
		05E9E66F19DCB75A00A1E80C /* AppDelegate.m */ = {isa = PBXFileReference; lastKnownFileType = sourcecode.c.objc; path = AppDelegate.m; sourceTree = "<group>"; };
		05E9E67119DCB75A00A1E80C /* ViewController.h */ = {isa = PBXFileReference; lastKnownFileType = sourcecode.c.h; path = ViewController.h; sourceTree = "<group>"; };
		05E9E67219DCB75A00A1E80C /* ViewController.m */ = {isa = PBXFileReference; lastKnownFileType = sourcecode.c.objc; path = ViewController.m; sourceTree = "<group>"; };
		05E9E67519DCB75A00A1E80C /* Base */ = {isa = PBXFileReference; lastKnownFileType = file.storyboard; name = Base; path = Base.lproj/Main.storyboard; sourceTree = "<group>"; };
		05E9E67719DCB75A00A1E80C /* Images.xcassets */ = {isa = PBXFileReference; lastKnownFileType = folder.assetcatalog; path = Images.xcassets; sourceTree = "<group>"; };
		05E9E67A19DCB75A00A1E80C /* Base */ = {isa = PBXFileReference; lastKnownFileType = file.xib; name = Base; path = Base.lproj/LaunchScreen.xib; sourceTree = "<group>"; };
		05E9E68019DCB75B00A1E80C /* ChatTests.xctest */ = {isa = PBXFileReference; explicitFileType = wrapper.cfbundle; includeInIndex = 0; path = ChatTests.xctest; sourceTree = BUILT_PRODUCTS_DIR; };
		05E9E68519DCB75B00A1E80C /* Info.plist */ = {isa = PBXFileReference; lastKnownFileType = text.plist.xml; path = Info.plist; sourceTree = "<group>"; };
		05E9E68619DCB75B00A1E80C /* ChatTests.m */ = {isa = PBXFileReference; lastKnownFileType = sourcecode.c.objc; path = ChatTests.m; sourceTree = "<group>"; };
		05E9E69119DCB81900A1E80C /* Quickblox.framework */ = {isa = PBXFileReference; lastKnownFileType = wrapper.framework; path = Quickblox.framework; sourceTree = "<group>"; };
		05E9E69319DCBB8200A1E80C /* libxml2.dylib */ = {isa = PBXFileReference; lastKnownFileType = "compiled.mach-o.dylib"; name = libxml2.dylib; path = usr/lib/libxml2.dylib; sourceTree = SDKROOT; };
		05E9E69619DCBBF700A1E80C /* CFNetwork.framework */ = {isa = PBXFileReference; lastKnownFileType = wrapper.framework; name = CFNetwork.framework; path = System/Library/Frameworks/CFNetwork.framework; sourceTree = SDKROOT; };
		05E9E69819DCBC1800A1E80C /* SystemConfiguration.framework */ = {isa = PBXFileReference; lastKnownFileType = wrapper.framework; name = SystemConfiguration.framework; path = System/Library/Frameworks/SystemConfiguration.framework; sourceTree = SDKROOT; };
		05E9E69A19DCBC2300A1E80C /* MobileCoreServices.framework */ = {isa = PBXFileReference; lastKnownFileType = wrapper.framework; name = MobileCoreServices.framework; path = System/Library/Frameworks/MobileCoreServices.framework; sourceTree = SDKROOT; };
		05E9E69C19DCBC3200A1E80C /* CoreGraphics.framework */ = {isa = PBXFileReference; lastKnownFileType = wrapper.framework; name = CoreGraphics.framework; path = System/Library/Frameworks/CoreGraphics.framework; sourceTree = SDKROOT; };
		05E9E69E19DCBC3F00A1E80C /* CoreLocation.framework */ = {isa = PBXFileReference; lastKnownFileType = wrapper.framework; name = CoreLocation.framework; path = System/Library/Frameworks/CoreLocation.framework; sourceTree = SDKROOT; };
		05E9E6A019DCBC5A00A1E80C /* CoreData.framework */ = {isa = PBXFileReference; lastKnownFileType = wrapper.framework; name = CoreData.framework; path = System/Library/Frameworks/CoreData.framework; sourceTree = SDKROOT; };
		05E9E6A219DCBC6700A1E80C /* AudioToolbox.framework */ = {isa = PBXFileReference; lastKnownFileType = wrapper.framework; name = AudioToolbox.framework; path = System/Library/Frameworks/AudioToolbox.framework; sourceTree = SDKROOT; };
		05E9E6A419DCBC7600A1E80C /* CoreMedia.framework */ = {isa = PBXFileReference; lastKnownFileType = wrapper.framework; name = CoreMedia.framework; path = System/Library/Frameworks/CoreMedia.framework; sourceTree = SDKROOT; };
		05E9E6A619DCBC8100A1E80C /* Accelerate.framework */ = {isa = PBXFileReference; lastKnownFileType = wrapper.framework; name = Accelerate.framework; path = System/Library/Frameworks/Accelerate.framework; sourceTree = SDKROOT; };
		05E9E6A819DCBC8B00A1E80C /* CoreVideo.framework */ = {isa = PBXFileReference; lastKnownFileType = wrapper.framework; name = CoreVideo.framework; path = System/Library/Frameworks/CoreVideo.framework; sourceTree = SDKROOT; };
		05E9E6AA19DCBC9500A1E80C /* AVFoundation.framework */ = {isa = PBXFileReference; lastKnownFileType = wrapper.framework; name = AVFoundation.framework; path = System/Library/Frameworks/AVFoundation.framework; sourceTree = SDKROOT; };
		05E9E6AC19DCBCA100A1E80C /* Security.framework */ = {isa = PBXFileReference; lastKnownFileType = wrapper.framework; name = Security.framework; path = System/Library/Frameworks/Security.framework; sourceTree = SDKROOT; };
		05E9E6AE19DCBCAB00A1E80C /* libz.dylib */ = {isa = PBXFileReference; lastKnownFileType = "compiled.mach-o.dylib"; name = libz.dylib; path = usr/lib/libz.dylib; sourceTree = SDKROOT; };
		05E9E6B019DCBCB900A1E80C /* libresolv.dylib */ = {isa = PBXFileReference; lastKnownFileType = "compiled.mach-o.dylib"; name = libresolv.dylib; path = usr/lib/libresolv.dylib; sourceTree = SDKROOT; };
		05E9E6B219DCBD8100A1E80C /* QuartzCore.framework */ = {isa = PBXFileReference; lastKnownFileType = wrapper.framework; name = QuartzCore.framework; path = System/Library/Frameworks/QuartzCore.framework; sourceTree = SDKROOT; };
		05E9E6B419DCBFEB00A1E80C /* Chat-Prefix.pch */ = {isa = PBXFileReference; lastKnownFileType = sourcecode.c.h; path = "Chat-Prefix.pch"; sourceTree = "<group>"; };
/* End PBXFileReference section */

/* Begin PBXFrameworksBuildPhase section */
		05E9E66419DCB75A00A1E80C /* Frameworks */ = {
			isa = PBXFrameworksBuildPhase;
			buildActionMask = 2147483647;
			files = (
				05E9E6B119DCBCB900A1E80C /* libresolv.dylib in Frameworks */,
				05E9E6AF19DCBCAB00A1E80C /* libz.dylib in Frameworks */,
				05E9E6AD19DCBCA100A1E80C /* Security.framework in Frameworks */,
				05E9E6B319DCBD8100A1E80C /* QuartzCore.framework in Frameworks */,
				05E9E6AB19DCBC9500A1E80C /* AVFoundation.framework in Frameworks */,
				05E9E6A919DCBC8B00A1E80C /* CoreVideo.framework in Frameworks */,
				05E9E6A719DCBC8100A1E80C /* Accelerate.framework in Frameworks */,
				05E9E6A519DCBC7600A1E80C /* CoreMedia.framework in Frameworks */,
				05E9E6A319DCBC6700A1E80C /* AudioToolbox.framework in Frameworks */,
				05E9E6A119DCBC5A00A1E80C /* CoreData.framework in Frameworks */,
				05E9E69F19DCBC3F00A1E80C /* CoreLocation.framework in Frameworks */,
				05E9E69D19DCBC3200A1E80C /* CoreGraphics.framework in Frameworks */,
				05E9E69B19DCBC2300A1E80C /* MobileCoreServices.framework in Frameworks */,
				05E9E69919DCBC1800A1E80C /* SystemConfiguration.framework in Frameworks */,
				05E9E69719DCBBF700A1E80C /* CFNetwork.framework in Frameworks */,
				05E9E69519DCBBCC00A1E80C /* libxml2.dylib in Frameworks */,
				05E9E69219DCB81900A1E80C /* Quickblox.framework in Frameworks */,
			);
			runOnlyForDeploymentPostprocessing = 0;
		};
		05E9E67D19DCB75B00A1E80C /* Frameworks */ = {
			isa = PBXFrameworksBuildPhase;
			buildActionMask = 2147483647;
			files = (
			);
			runOnlyForDeploymentPostprocessing = 0;
		};
/* End PBXFrameworksBuildPhase section */

/* Begin PBXGroup section */
		05D6923319DF3EAA0027B2E8 /* ChatService */ = {
			isa = PBXGroup;
			children = (
				05D6923419DF3ED70027B2E8 /* ChatService.h */,
				05D6923519DF3ED70027B2E8 /* ChatService.m */,
			);
			name = ChatService;
			sourceTree = "<group>";
		};
		05D6923719DF42200027B2E8 /* Models */ = {
			isa = PBXGroup;
			children = (
				05D6923819DF422B0027B2E8 /* User */,
			);
			name = Models;
			sourceTree = "<group>";
		};
		05D6923819DF422B0027B2E8 /* User */ = {
			isa = PBXGroup;
			children = (
				05D6923919DF42450027B2E8 /* User.h */,
				05D6923A19DF42450027B2E8 /* User.m */,
			);
			name = User;
			sourceTree = "<group>";
		};
		05D6923C19DF510E0027B2E8 /* LocalStorage */ = {
			isa = PBXGroup;
			children = (
				05D6923D19DF51430027B2E8 /* LocalStorage.h */,
				05D6923E19DF51430027B2E8 /* LocalStorage.m */,
			);
			name = LocalStorage;
			sourceTree = "<group>";
		};
		05E9E65E19DCB75A00A1E80C = {
			isa = PBXGroup;
			children = (
				05E9E66919DCB75A00A1E80C /* Chat */,
				05E9E68319DCB75B00A1E80C /* ChatTests */,
				05E9E66819DCB75A00A1E80C /* Products */,
			);
			sourceTree = "<group>";
		};
		05E9E66819DCB75A00A1E80C /* Products */ = {
			isa = PBXGroup;
			children = (
				05E9E66719DCB75A00A1E80C /* Chat.app */,
				05E9E68019DCB75B00A1E80C /* ChatTests.xctest */,
			);
			name = Products;
			sourceTree = "<group>";
		};
		05E9E66919DCB75A00A1E80C /* Chat */ = {
			isa = PBXGroup;
			children = (
				05D6923C19DF510E0027B2E8 /* LocalStorage */,
				05D6923719DF42200027B2E8 /* Models */,
				05D6923319DF3EAA0027B2E8 /* ChatService */,
				05E9E69019DCB7EF00A1E80C /* Frameworks */,
				05E9E66E19DCB75A00A1E80C /* AppDelegate.h */,
				05E9E66F19DCB75A00A1E80C /* AppDelegate.m */,
				05E9E67119DCB75A00A1E80C /* ViewController.h */,
				05E9E67219DCB75A00A1E80C /* ViewController.m */,
				05E9E67419DCB75A00A1E80C /* Main.storyboard */,
				05E9E67719DCB75A00A1E80C /* Images.xcassets */,
				05E9E67919DCB75A00A1E80C /* LaunchScreen.xib */,
				05E9E66A19DCB75A00A1E80C /* Supporting Files */,
			);
			path = Chat;
			sourceTree = "<group>";
		};
		05E9E66A19DCB75A00A1E80C /* Supporting Files */ = {
			isa = PBXGroup;
			children = (
				05E9E6B419DCBFEB00A1E80C /* Chat-Prefix.pch */,
				05E9E66B19DCB75A00A1E80C /* Info.plist */,
				05E9E66C19DCB75A00A1E80C /* main.m */,
			);
			name = "Supporting Files";
			sourceTree = "<group>";
		};
		05E9E68319DCB75B00A1E80C /* ChatTests */ = {
			isa = PBXGroup;
			children = (
				05E9E68619DCB75B00A1E80C /* ChatTests.m */,
				05E9E68419DCB75B00A1E80C /* Supporting Files */,
			);
			path = ChatTests;
			sourceTree = "<group>";
		};
		05E9E68419DCB75B00A1E80C /* Supporting Files */ = {
			isa = PBXGroup;
			children = (
				05E9E68519DCB75B00A1E80C /* Info.plist */,
			);
			name = "Supporting Files";
			sourceTree = "<group>";
		};
		05E9E69019DCB7EF00A1E80C /* Frameworks */ = {
			isa = PBXGroup;
			children = (
				05E9E6B219DCBD8100A1E80C /* QuartzCore.framework */,
				05E9E6B019DCBCB900A1E80C /* libresolv.dylib */,
				05E9E6AE19DCBCAB00A1E80C /* libz.dylib */,
				05E9E6AC19DCBCA100A1E80C /* Security.framework */,
				05E9E6AA19DCBC9500A1E80C /* AVFoundation.framework */,
				05E9E6A819DCBC8B00A1E80C /* CoreVideo.framework */,
				05E9E6A619DCBC8100A1E80C /* Accelerate.framework */,
				05E9E6A419DCBC7600A1E80C /* CoreMedia.framework */,
				05E9E6A219DCBC6700A1E80C /* AudioToolbox.framework */,
				05E9E6A019DCBC5A00A1E80C /* CoreData.framework */,
				05E9E69E19DCBC3F00A1E80C /* CoreLocation.framework */,
				05E9E69C19DCBC3200A1E80C /* CoreGraphics.framework */,
				05E9E69A19DCBC2300A1E80C /* MobileCoreServices.framework */,
				05E9E69819DCBC1800A1E80C /* SystemConfiguration.framework */,
				05E9E69619DCBBF700A1E80C /* CFNetwork.framework */,
				05E9E69319DCBB8200A1E80C /* libxml2.dylib */,
				05E9E69119DCB81900A1E80C /* Quickblox.framework */,
			);
			name = Frameworks;
			sourceTree = "<group>";
		};
/* End PBXGroup section */

/* Begin PBXNativeTarget section */
		05E9E66619DCB75A00A1E80C /* Chat */ = {
			isa = PBXNativeTarget;
			buildConfigurationList = 05E9E68A19DCB75B00A1E80C /* Build configuration list for PBXNativeTarget "Chat" */;
			buildPhases = (
				05E9E66319DCB75A00A1E80C /* Sources */,
				05E9E66419DCB75A00A1E80C /* Frameworks */,
				05E9E66519DCB75A00A1E80C /* Resources */,
			);
			buildRules = (
			);
			dependencies = (
			);
			name = Chat;
			productName = Chat;
			productReference = 05E9E66719DCB75A00A1E80C /* Chat.app */;
			productType = "com.apple.product-type.application";
		};
		05E9E67F19DCB75B00A1E80C /* ChatTests */ = {
			isa = PBXNativeTarget;
			buildConfigurationList = 05E9E68D19DCB75B00A1E80C /* Build configuration list for PBXNativeTarget "ChatTests" */;
			buildPhases = (
				05E9E67C19DCB75B00A1E80C /* Sources */,
				05E9E67D19DCB75B00A1E80C /* Frameworks */,
				05E9E67E19DCB75B00A1E80C /* Resources */,
			);
			buildRules = (
			);
			dependencies = (
				05E9E68219DCB75B00A1E80C /* PBXTargetDependency */,
			);
			name = ChatTests;
			productName = ChatTests;
			productReference = 05E9E68019DCB75B00A1E80C /* ChatTests.xctest */;
			productType = "com.apple.product-type.bundle.unit-test";
		};
/* End PBXNativeTarget section */

/* Begin PBXProject section */
		05E9E65F19DCB75A00A1E80C /* Project object */ = {
			isa = PBXProject;
			attributes = {
				LastUpgradeCheck = 0600;
				ORGANIZATIONNAME = Globant;
				TargetAttributes = {
					05E9E66619DCB75A00A1E80C = {
						CreatedOnToolsVersion = 6.0.1;
					};
					05E9E67F19DCB75B00A1E80C = {
						CreatedOnToolsVersion = 6.0.1;
						TestTargetID = 05E9E66619DCB75A00A1E80C;
					};
				};
			};
			buildConfigurationList = 05E9E66219DCB75A00A1E80C /* Build configuration list for PBXProject "Chat" */;
			compatibilityVersion = "Xcode 3.2";
			developmentRegion = English;
			hasScannedForEncodings = 0;
			knownRegions = (
				en,
				Base,
			);
			mainGroup = 05E9E65E19DCB75A00A1E80C;
			productRefGroup = 05E9E66819DCB75A00A1E80C /* Products */;
			projectDirPath = "";
			projectRoot = "";
			targets = (
				05E9E66619DCB75A00A1E80C /* Chat */,
				05E9E67F19DCB75B00A1E80C /* ChatTests */,
			);
		};
/* End PBXProject section */

/* Begin PBXResourcesBuildPhase section */
		05E9E66519DCB75A00A1E80C /* Resources */ = {
			isa = PBXResourcesBuildPhase;
			buildActionMask = 2147483647;
			files = (
				05E9E67619DCB75A00A1E80C /* Main.storyboard in Resources */,
				05E9E67B19DCB75A00A1E80C /* LaunchScreen.xib in Resources */,
				05E9E67819DCB75A00A1E80C /* Images.xcassets in Resources */,
			);
			runOnlyForDeploymentPostprocessing = 0;
		};
		05E9E67E19DCB75B00A1E80C /* Resources */ = {
			isa = PBXResourcesBuildPhase;
			buildActionMask = 2147483647;
			files = (
			);
			runOnlyForDeploymentPostprocessing = 0;
		};
/* End PBXResourcesBuildPhase section */

/* Begin PBXSourcesBuildPhase section */
		05E9E66319DCB75A00A1E80C /* Sources */ = {
			isa = PBXSourcesBuildPhase;
			buildActionMask = 2147483647;
			files = (
				05D6923B19DF42450027B2E8 /* User.m in Sources */,
				05E9E67319DCB75A00A1E80C /* ViewController.m in Sources */,
				05D6923619DF3ED70027B2E8 /* ChatService.m in Sources */,
				05E9E67019DCB75A00A1E80C /* AppDelegate.m in Sources */,
				05E9E66D19DCB75A00A1E80C /* main.m in Sources */,
				05D6923F19DF51430027B2E8 /* LocalStorage.m in Sources */,
			);
			runOnlyForDeploymentPostprocessing = 0;
		};
		05E9E67C19DCB75B00A1E80C /* Sources */ = {
			isa = PBXSourcesBuildPhase;
			buildActionMask = 2147483647;
			files = (
				05E9E68719DCB75B00A1E80C /* ChatTests.m in Sources */,
			);
			runOnlyForDeploymentPostprocessing = 0;
		};
/* End PBXSourcesBuildPhase section */

/* Begin PBXTargetDependency section */
		05E9E68219DCB75B00A1E80C /* PBXTargetDependency */ = {
			isa = PBXTargetDependency;
			target = 05E9E66619DCB75A00A1E80C /* Chat */;
			targetProxy = 05E9E68119DCB75B00A1E80C /* PBXContainerItemProxy */;
		};
/* End PBXTargetDependency section */

/* Begin PBXVariantGroup section */
		05E9E67419DCB75A00A1E80C /* Main.storyboard */ = {
			isa = PBXVariantGroup;
			children = (
				05E9E67519DCB75A00A1E80C /* Base */,
			);
			name = Main.storyboard;
			sourceTree = "<group>";
		};
		05E9E67919DCB75A00A1E80C /* LaunchScreen.xib */ = {
			isa = PBXVariantGroup;
			children = (
				05E9E67A19DCB75A00A1E80C /* Base */,
			);
			name = LaunchScreen.xib;
			sourceTree = "<group>";
		};
/* End PBXVariantGroup section */

/* Begin XCBuildConfiguration section */
		05E9E68819DCB75B00A1E80C /* Debug */ = {
			isa = XCBuildConfiguration;
			buildSettings = {
				ALWAYS_SEARCH_USER_PATHS = NO;
				CLANG_CXX_LANGUAGE_STANDARD = "gnu++0x";
				CLANG_CXX_LIBRARY = "libc++";
				CLANG_ENABLE_MODULES = YES;
				CLANG_ENABLE_OBJC_ARC = YES;
				CLANG_WARN_BOOL_CONVERSION = YES;
				CLANG_WARN_CONSTANT_CONVERSION = YES;
				CLANG_WARN_DIRECT_OBJC_ISA_USAGE = YES_ERROR;
				CLANG_WARN_EMPTY_BODY = YES;
				CLANG_WARN_ENUM_CONVERSION = YES;
				CLANG_WARN_INT_CONVERSION = YES;
				CLANG_WARN_OBJC_ROOT_CLASS = YES_ERROR;
				CLANG_WARN_UNREACHABLE_CODE = YES;
				CLANG_WARN__DUPLICATE_METHOD_MATCH = YES;
				"CODE_SIGN_IDENTITY[sdk=iphoneos*]" = "iPhone Developer";
				COPY_PHASE_STRIP = NO;
				ENABLE_STRICT_OBJC_MSGSEND = YES;
				GCC_C_LANGUAGE_STANDARD = gnu99;
				GCC_DYNAMIC_NO_PIC = NO;
				GCC_OPTIMIZATION_LEVEL = 0;
				GCC_PREPROCESSOR_DEFINITIONS = (
					"DEBUG=1",
					"$(inherited)",
				);
				GCC_SYMBOLS_PRIVATE_EXTERN = NO;
				GCC_WARN_64_TO_32_BIT_CONVERSION = YES;
				GCC_WARN_ABOUT_RETURN_TYPE = YES_ERROR;
				GCC_WARN_UNDECLARED_SELECTOR = YES;
				GCC_WARN_UNINITIALIZED_AUTOS = YES_AGGRESSIVE;
				GCC_WARN_UNUSED_FUNCTION = YES;
				GCC_WARN_UNUSED_VARIABLE = YES;
				IPHONEOS_DEPLOYMENT_TARGET = 8.0;
				MTL_ENABLE_DEBUG_INFO = YES;
				ONLY_ACTIVE_ARCH = YES;
				SDKROOT = iphoneos;
			};
			name = Debug;
		};
		05E9E68919DCB75B00A1E80C /* Release */ = {
			isa = XCBuildConfiguration;
			buildSettings = {
				ALWAYS_SEARCH_USER_PATHS = NO;
				CLANG_CXX_LANGUAGE_STANDARD = "gnu++0x";
				CLANG_CXX_LIBRARY = "libc++";
				CLANG_ENABLE_MODULES = YES;
				CLANG_ENABLE_OBJC_ARC = YES;
				CLANG_WARN_BOOL_CONVERSION = YES;
				CLANG_WARN_CONSTANT_CONVERSION = YES;
				CLANG_WARN_DIRECT_OBJC_ISA_USAGE = YES_ERROR;
				CLANG_WARN_EMPTY_BODY = YES;
				CLANG_WARN_ENUM_CONVERSION = YES;
				CLANG_WARN_INT_CONVERSION = YES;
				CLANG_WARN_OBJC_ROOT_CLASS = YES_ERROR;
				CLANG_WARN_UNREACHABLE_CODE = YES;
				CLANG_WARN__DUPLICATE_METHOD_MATCH = YES;
				"CODE_SIGN_IDENTITY[sdk=iphoneos*]" = "iPhone Developer";
				COPY_PHASE_STRIP = YES;
				ENABLE_NS_ASSERTIONS = NO;
				ENABLE_STRICT_OBJC_MSGSEND = YES;
				GCC_C_LANGUAGE_STANDARD = gnu99;
				GCC_WARN_64_TO_32_BIT_CONVERSION = YES;
				GCC_WARN_ABOUT_RETURN_TYPE = YES_ERROR;
				GCC_WARN_UNDECLARED_SELECTOR = YES;
				GCC_WARN_UNINITIALIZED_AUTOS = YES_AGGRESSIVE;
				GCC_WARN_UNUSED_FUNCTION = YES;
				GCC_WARN_UNUSED_VARIABLE = YES;
				IPHONEOS_DEPLOYMENT_TARGET = 8.0;
				MTL_ENABLE_DEBUG_INFO = NO;
				SDKROOT = iphoneos;
				VALIDATE_PRODUCT = YES;
			};
			name = Release;
		};
		05E9E68B19DCB75B00A1E80C /* Debug */ = {
			isa = XCBuildConfiguration;
			buildSettings = {
				ASSETCATALOG_COMPILER_APPICON_NAME = AppIcon;
				FRAMEWORK_SEARCH_PATHS = (
					"$(inherited)",
					"$(PROJECT_DIR)/Chat",
				);
				GCC_PREFIX_HEADER = "Chat/Chat-Prefix.pch";
				HEADER_SEARCH_PATHS = (
					"$(inherited)",
					/Applications/Xcode.app/Contents/Developer/Toolchains/XcodeDefault.xctoolchain/usr/include,
					/usr/include/libxml2,
				);
				INFOPLIST_FILE = Chat/Info.plist;
				IPHONEOS_DEPLOYMENT_TARGET = 7.1;
				LD_RUNPATH_SEARCH_PATHS = "$(inherited) @executable_path/Frameworks";
				OTHER_LDFLAGS = (
					"-lxml2",
					"-ObjC",
					"-lstdc++",
				);
				PRODUCT_NAME = "$(TARGET_NAME)";
			};
			name = Debug;
		};
		05E9E68C19DCB75B00A1E80C /* Release */ = {
			isa = XCBuildConfiguration;
			buildSettings = {
				ASSETCATALOG_COMPILER_APPICON_NAME = AppIcon;
				FRAMEWORK_SEARCH_PATHS = (
					"$(inherited)",
					"$(PROJECT_DIR)/Chat",
				);
				GCC_PREFIX_HEADER = "Chat/Chat-Prefix.pch";
				HEADER_SEARCH_PATHS = (
					"$(inherited)",
					/Applications/Xcode.app/Contents/Developer/Toolchains/XcodeDefault.xctoolchain/usr/include,
					/usr/include/libxml2,
				);
				INFOPLIST_FILE = Chat/Info.plist;
				IPHONEOS_DEPLOYMENT_TARGET = 7.1;
				LD_RUNPATH_SEARCH_PATHS = "$(inherited) @executable_path/Frameworks";
				OTHER_LDFLAGS = (
					"-lxml2",
					"-ObjC",
					"-lstdc++",
				);
				PRODUCT_NAME = "$(TARGET_NAME)";
			};
			name = Release;
		};
		05E9E68E19DCB75B00A1E80C /* Debug */ = {
			isa = XCBuildConfiguration;
			buildSettings = {
				BUNDLE_LOADER = "$(TEST_HOST)";
				FRAMEWORK_SEARCH_PATHS = (
					"$(SDKROOT)/Developer/Library/Frameworks",
					"$(inherited)",
				);
				GCC_PREPROCESSOR_DEFINITIONS = (
					"DEBUG=1",
					"$(inherited)",
				);
				INFOPLIST_FILE = ChatTests/Info.plist;
				LD_RUNPATH_SEARCH_PATHS = "$(inherited) @executable_path/Frameworks @loader_path/Frameworks";
				PRODUCT_NAME = "$(TARGET_NAME)";
				TEST_HOST = "$(BUILT_PRODUCTS_DIR)/Chat.app/Chat";
			};
			name = Debug;
		};
		05E9E68F19DCB75B00A1E80C /* Release */ = {
			isa = XCBuildConfiguration;
			buildSettings = {
				BUNDLE_LOADER = "$(TEST_HOST)";
				FRAMEWORK_SEARCH_PATHS = (
					"$(SDKROOT)/Developer/Library/Frameworks",
					"$(inherited)",
				);
				INFOPLIST_FILE = ChatTests/Info.plist;
				LD_RUNPATH_SEARCH_PATHS = "$(inherited) @executable_path/Frameworks @loader_path/Frameworks";
				PRODUCT_NAME = "$(TARGET_NAME)";
				TEST_HOST = "$(BUILT_PRODUCTS_DIR)/Chat.app/Chat";
			};
			name = Release;
		};
/* End XCBuildConfiguration section */

/* Begin XCConfigurationList section */
		05E9E66219DCB75A00A1E80C /* Build configuration list for PBXProject "Chat" */ = {
			isa = XCConfigurationList;
			buildConfigurations = (
				05E9E68819DCB75B00A1E80C /* Debug */,
				05E9E68919DCB75B00A1E80C /* Release */,
			);
			defaultConfigurationIsVisible = 0;
			defaultConfigurationName = Release;
		};
		05E9E68A19DCB75B00A1E80C /* Build configuration list for PBXNativeTarget "Chat" */ = {
			isa = XCConfigurationList;
			buildConfigurations = (
				05E9E68B19DCB75B00A1E80C /* Debug */,
				05E9E68C19DCB75B00A1E80C /* Release */,
			);
			defaultConfigurationIsVisible = 0;
			defaultConfigurationName = Release;
		};
		05E9E68D19DCB75B00A1E80C /* Build configuration list for PBXNativeTarget "ChatTests" */ = {
			isa = XCConfigurationList;
			buildConfigurations = (
				05E9E68E19DCB75B00A1E80C /* Debug */,
				05E9E68F19DCB75B00A1E80C /* Release */,
			);
			defaultConfigurationIsVisible = 0;
			defaultConfigurationName = Release;
		};
/* End XCConfigurationList section */
	};
	rootObject = 05E9E65F19DCB75A00A1E80C /* Project object */;
}
